PODS:
  - Alamofire (4.5.1)
  - FSCalendar (2.7.9)
  - ParallaxHeader (2.0.0)
  - PBRevealViewController/Swift (1.2.8)
  - SnapKit (4.0.0)
  - Socket.IO-Client-Swift (12.1.2):
    - Starscream (~> 2.1.1)
  - Starscream (2.1.1)
  - SwiftLint (0.23.1)
  - SwiftyJSON (3.1.4)
  - XLPagerTabStrip (8.0.0)

DEPENDENCIES:
  - Alamofire
  - FSCalendar
  - ParallaxHeader (~> 2.0.0)
  - PBRevealViewController/Swift
  - SnapKit (~> 4.0)
  - Socket.IO-Client-Swift
  - SwiftLint
  - SwiftyJSON
  - XLPagerTabStrip (~> 8.0)

SPEC CHECKSUMS:
  Alamofire: 2d95912bf4c34f164fdfc335872e8c312acaea4a
  FSCalendar: a04b09f16f811bc92e82f3cf852a15225233b9d5
  ParallaxHeader: fb6ee97915626454f3c029a97b424f79a777c642
  PBRevealViewController: b1471380464f30b63d73e9b04e9abf9cb7b67093
  SnapKit: a42d492c16e80209130a3379f73596c3454b7694
  Socket.IO-Client-Swift: ba3cb1c4bf0a6ca90080406a2c22685c25ad1f60
  Starscream: 142bd8ef24592d985daee9fa48c936070b85b15f
  SwiftLint: 1b670ce79284c76520f84060e87d645078fd32fa
  SwiftyJSON: c2842d878f95482ffceec5709abc3d05680c0220
  XLPagerTabStrip: d1ab378af0923320ec0b5eab11d7b2f803d31261

<<<<<<< HEAD
PODFILE CHECKSUM: 01c1b917a3924a9777cb08f53bf90626ed60a5c6
=======
PODFILE CHECKSUM: 50b3bed97b76046ae05df4640d9672514f27153c
>>>>>>> fc925a0eb885f45fbc1aed2010f494288f264c0f

COCOAPODS: 1.3.1
