PODS:
  - Alamofire (4.8.0)
  - BAFluidView (0.2.3)
  - Bolts (1.9.0):
    - Bolts/AppLinks (= 1.9.0)
    - Bolts/Tasks (= 1.9.0)
  - Bolts/AppLinks (1.9.0):
    - Bolts/Tasks
  - Bolts/Tasks (1.9.0)
  - Charts (3.2.1):
    - Charts/Core (= 3.2.1)
  - Charts/Core (3.2.1)
  - Cosmos (15.0.0)
  - Crashlytics (3.12.0):
    - Fabric (~> 1.9.0)
  - CryptoSwift (0.13.1)
  - Fabric (1.9.0)
  - FacebookCore (0.5.0):
    - Bolts (~> 1.9)
    - FBSDKCoreKit (~> 4.37)
  - FacebookLogin (0.5.0):
    - Bolts (~> 1.9)
    - FacebookCore (~> 0.5)
    - FBSDKCoreKit (~> 4.37)
    - FBSDKLoginKit (~> 4.37)
  - FBSDKCoreKit (4.39.0):
    - Bolts (~> 1.9)
  - FBSDKLoginKit (4.39.0):
    - FBSDKCoreKit
  - Firebase/Core (5.14.0):
    - Firebase/CoreOnly
    - FirebaseAnalytics (= 5.4.0)
  - Firebase/CoreOnly (5.14.0):
    - FirebaseCore (= 5.1.9)
  - Firebase/Messaging (5.14.0):
    - Firebase/CoreOnly
    - FirebaseMessaging (= 3.2.2)
  - FirebaseAnalytics (5.4.0):
    - FirebaseCore (~> 5.1)
    - FirebaseInstanceID (~> 3.3)
    - GoogleAppMeasurement (= 5.4.0)
    - GoogleUtilities/AppDelegateSwizzler (~> 5.2)
    - GoogleUtilities/MethodSwizzler (~> 5.2)
    - GoogleUtilities/Network (~> 5.2)
    - "GoogleUtilities/NSData+zlib (~> 5.2)"
    - nanopb (~> 0.3)
  - FirebaseAnalyticsInterop (1.1.0)
  - FirebaseCore (5.1.9):
    - GoogleUtilities/Logger (~> 5.2)
  - FirebaseInstanceID (3.3.0):
    - FirebaseCore (~> 5.1)
    - GoogleUtilities/Environment (~> 5.3)
    - GoogleUtilities/UserDefaults (~> 5.3)
  - FirebaseMessaging (3.2.2):
    - FirebaseAnalyticsInterop (~> 1.1)
    - FirebaseCore (~> 5.1)
    - FirebaseInstanceID (~> 3.0)
    - GoogleUtilities/Environment (~> 5.2)
    - GoogleUtilities/Reachability (~> 5.2)
    - Protobuf (~> 3.1)
  - FSCalendar (2.8.0)
  - GoogleAppMeasurement (5.4.0):
    - GoogleUtilities/AppDelegateSwizzler (~> 5.2)
    - GoogleUtilities/MethodSwizzler (~> 5.2)
    - GoogleUtilities/Network (~> 5.2)
    - "GoogleUtilities/NSData+zlib (~> 5.2)"
    - nanopb (~> 0.3)
  - GoogleSignIn (4.4.0):
    - "GoogleToolboxForMac/NSDictionary+URLArguments (~> 2.1)"
    - "GoogleToolboxForMac/NSString+URLArguments (~> 2.1)"
    - GTMSessionFetcher/Core (~> 1.1)
  - GoogleToolboxForMac/DebugUtils (2.2.0):
    - GoogleToolboxForMac/Defines (= 2.2.0)
  - GoogleToolboxForMac/Defines (2.2.0)
  - "GoogleToolboxForMac/NSDictionary+URLArguments (2.2.0)":
    - GoogleToolboxForMac/DebugUtils (= 2.2.0)
    - GoogleToolboxForMac/Defines (= 2.2.0)
    - "GoogleToolboxForMac/NSString+URLArguments (= 2.2.0)"
  - "GoogleToolboxForMac/NSString+URLArguments (2.2.0)"
  - GoogleUtilities/AppDelegateSwizzler (5.3.6):
    - GoogleUtilities/Environment
    - GoogleUtilities/Logger
    - GoogleUtilities/Network
  - GoogleUtilities/Environment (5.3.6)
  - GoogleUtilities/Logger (5.3.6):
    - GoogleUtilities/Environment
  - GoogleUtilities/MethodSwizzler (5.3.6):
    - GoogleUtilities/Logger
  - GoogleUtilities/Network (5.3.6):
    - GoogleUtilities/Logger
    - "GoogleUtilities/NSData+zlib"
    - GoogleUtilities/Reachability
  - "GoogleUtilities/NSData+zlib (5.3.6)"
  - GoogleUtilities/Reachability (5.3.6):
    - GoogleUtilities/Logger
  - GoogleUtilities/UserDefaults (5.3.6):
    - GoogleUtilities/Logger
  - GTMSessionFetcher/Core (1.2.1)
  - Instructions (1.2.2)
  - JPSVolumeButtonHandler (1.0.5)
  - Kingfisher (4.10.1)
  - nanopb (0.3.901):
    - nanopb/decode (= 0.3.901)
    - nanopb/encode (= 0.3.901)
  - nanopb/decode (0.3.901)
  - nanopb/encode (0.3.901)
  - NVActivityIndicatorView (4.4.0):
    - NVActivityIndicatorView/Presenter (= 4.4.0)
  - NVActivityIndicatorView/Presenter (4.4.0)
  - ParallaxHeader (2.0.0)
  - Protobuf (3.6.1)
  - QiniuUpload (3.0.0)
  - ReachabilitySwift (4.3.0)
  - Realm (3.12.0):
    - Realm/Headers (= 3.12.0)
  - Realm/Headers (3.12.0)
  - RealmSwift (3.12.0):
    - Realm (= 3.12.0)
  - ScrollableGraphView (4.0.6)
  - SkyFloatingLabelTextField (3.6.0)
  - SnapKit (4.2.0)
  - Socket.IO-Client-Swift (13.4.0):
    - Starscream (~> 3.0.2)
  - Starscream (3.0.6)
  - SwiftLint (0.29.1)
  - SwiftyJSON (4.2.0)
  - XLPagerTabStrip (8.1.0)

DEPENDENCIES:
  - Alamofire
  - BAFluidView
  - Charts
  - Cosmos (~> 15.0)
  - Crashlytics
  - CryptoSwift
  - Fabric
  - FacebookCore
  - FacebookLogin
  - Firebase/Core
  - Firebase/Messaging
  - FSCalendar
  - GoogleSignIn
  - Instructions (~> 1.2.0)
  - JPSVolumeButtonHandler
  - Kingfisher (~> 4.0)
  - NVActivityIndicatorView
  - ParallaxHeader (~> 2.0.0)
  - QiniuUpload
  - ReachabilitySwift
  - RealmSwift
  - ScrollableGraphView
  - SkyFloatingLabelTextField
  - SnapKit (~> 4.0)
  - Socket.IO-Client-Swift
  - SwiftLint
  - SwiftyJSON
  - XLPagerTabStrip (~> 8.0)

SPEC REPOS:
  https://github.com/cocoapods/specs.git:
    - Alamofire
    - BAFluidView
    - Bolts
    - Charts
    - Cosmos
    - Crashlytics
    - CryptoSwift
    - Fabric
    - FacebookCore
    - FacebookLogin
    - FBSDKCoreKit
    - FBSDKLoginKit
    - Firebase
    - FirebaseAnalytics
    - FirebaseAnalyticsInterop
    - FirebaseCore
    - FirebaseInstanceID
    - FirebaseMessaging
    - FSCalendar
    - GoogleAppMeasurement
    - GoogleSignIn
    - GoogleToolboxForMac
    - GoogleUtilities
    - GTMSessionFetcher
    - Instructions
    - JPSVolumeButtonHandler
    - Kingfisher
    - nanopb
    - NVActivityIndicatorView
    - ParallaxHeader
    - Protobuf
    - QiniuUpload
    - ReachabilitySwift
    - Realm
    - RealmSwift
    - ScrollableGraphView
    - SkyFloatingLabelTextField
    - SnapKit
    - Socket.IO-Client-Swift
    - Starscream
    - SwiftLint
    - SwiftyJSON
    - XLPagerTabStrip

SPEC CHECKSUMS:
  Alamofire: 3ec537f71edc9804815215393ae2b1a8ea33a844
  BAFluidView: 5d84ef109831b97740f75b6d785e51f13fa08398
  Bolts: ac6567323eac61e203f6a9763667d0f711be34c8
  Charts: f122fb70b19847fa5817d018b77d6c5a2296ab25
  Cosmos: a6dbd3d0baa0cc8f51f8598f7508d5a09d0a9ade
  Crashlytics: 07fb167b1694128c1c9a5a5cc319b0e9c3ca0933
  CryptoSwift: ff68c35a53e03177d31aaa2c1e8b3e010aeed6cb
  Fabric: f988e33c97f08930a413e08123064d2e5f68d655
  FacebookCore: 74288d0add931d361b1596beae787ab72c438249
  FacebookLogin: ebcf34714a1cb9f0759d9f071cfb01ed500996cf
  FBSDKCoreKit: 1e3981faefab8c88edfaa9eecd94aab02d99a9bc
  FBSDKLoginKit: 30ba5039a2c53d65a75103889bc2deebdacd5a1f
  Firebase: 963d5685fae888a56d6d4d9cfce6b9c976958798
  FirebaseAnalytics: c06f9d70577d79074214700a71fd5d39de5550fb
  FirebaseAnalyticsInterop: e5f21be9af6548372e2f0815834ff909bff395a2
  FirebaseCore: 8f49b70f57ab5cbb032ef41d64992ded21606459
  FirebaseInstanceID: e2fa4cb35ef5558c200f7f0ad8a53e212215f93e
  FirebaseMessaging: b412996f6a09337d232bb3a6676ce4d1f353d024
  FSCalendar: 3a5ed3636e2ba1b83ebebfcf0c2603105a6f5efe
  GoogleAppMeasurement: 98b71f5e04142793729a5ef23e5b96651ff4b70f
  GoogleSignIn: 7ff245e1a7b26d379099d3243a562f5747e23d39
  GoogleToolboxForMac: ff31605b7d66400dcec09bed5861689aebadda4d
  GoogleUtilities: 95996bea7c7d9b8fb811b7507669a4a8762f80c7
  GTMSessionFetcher: 32aeca0aa144acea523e1c8e053089dec2cb98ca
  Instructions: baff1b8ac41e195556c2b3453be1fcdd92e18612
  JPSVolumeButtonHandler: 53110330c9168ed325def93eabff39f0fe3e8082
  Kingfisher: c148cd7b47ebde9989f6bc7c27dcaa79d81279a0
  nanopb: 2901f78ea1b7b4015c860c2fdd1ea2fee1a18d48
  NVActivityIndicatorView: ec7440a57af2450319d3a4181cca7da6fc127064
  ParallaxHeader: fb6ee97915626454f3c029a97b424f79a777c642
  Protobuf: 1eb9700044745f00181c136ef21b8ff3ad5a0fd5
  QiniuUpload: b1b3dda4883b9bacf9e2efc9e28978cdd6a26c70
  ReachabilitySwift: 408477d1b6ed9779dba301953171e017c31241f3
  Realm: cdaef23c4ddb36ab1ddffed23f5a7f3332fc5585
  RealmSwift: 5576324033f0aa5ef1e0a839a3da2281dff47a7f
  ScrollableGraphView: 4af35d4ea9ecdec665d34a74da51da161ddff8ac
  SkyFloatingLabelTextField: 38164979b79512f9ff9288ad8acfc4bbf5d843e3
  SnapKit: fe8a619752f3f27075cc9a90244d75c6c3f27e2a
  Socket.IO-Client-Swift: 2b2720f14c92ff1237ced09bc2f2da2022624fee
  Starscream: ef3ece99d765eeccb67de105bfa143f929026cf5
  SwiftLint: 6772320e40b52049053a518c17db9b0634a0b45a
  SwiftyJSON: c4bcba26dd9ec7a027fc8eade48e2c911f229e96
  XLPagerTabStrip: 22d4c58200d7c105e0e407ab6bfd01a5d85014be

PODFILE CHECKSUM: 7fc8904bf5f743b7e4b68cd9ac4fd697d94a8e82

COCOAPODS: 1.5.3
