PODS:
  - Alamofire (4.5.1)
  - FSCalendar (2.7.9)
  - PBRevealViewController/Swift (1.2.8)
  - Socket.IO-Client-Swift (12.1.2):
    - Starscream (~> 2.1.1)
  - Starscream (2.1.1)
  - SwiftLint (0.23.1)
  - SwiftyJSON (3.1.4)

DEPENDENCIES:
  - Alamofire
  - FSCalendar
  - PBRevealViewController/Swift
  - Socket.IO-Client-Swift
  - SwiftLint
  - SwiftyJSON

SPEC CHECKSUMS:
  Alamofire: 2d95912bf4c34f164fdfc335872e8c312acaea4a
  FSCalendar: a04b09f16f811bc92e82f3cf852a15225233b9d5
  PBRevealViewController: b1471380464f30b63d73e9b04e9abf9cb7b67093
  Socket.IO-Client-Swift: ba3cb1c4bf0a6ca90080406a2c22685c25ad1f60
  Starscream: 142bd8ef24592d985daee9fa48c936070b85b15f
  SwiftLint: 1b670ce79284c76520f84060e87d645078fd32fa
  SwiftyJSON: c2842d878f95482ffceec5709abc3d05680c0220

PODFILE CHECKSUM: 1c9550e76fbb10a365694cf09c739e2e384effcc

COCOAPODS: 1.3.1
